github.com/alecthomas/mph v0.0.0-20190930022807-712982e3d8a2 h1:3QU1afrYIAZZo5tf7/O7DAOUNn05wlxHZoB9YSXVg08=
github.com/alecthomas/mph v0.0.0-20190930022807-712982e3d8a2/go.mod h1:HX5roj0AK3pjtDnP4HIV4zY4yW56odJ0LEwgoHL8NLI=
github.com/alecthomas/unsafeslice v0.0.0-20190825002529-d95de1041e15 h1:jxwxFksE7BuJiGPn2NbC3mIl6Ii3u3B5hRfCAE5Ljq8=
github.com/alecthomas/unsafeslice v0.0.0-20190825002529-d95de1041e15/go.mod h1:H7s9N0gAbfiwu02rQEexZbN/YMxm+2l3rVRa/zE2DM8=
github.com/davecgh/go-spew v1.1.0 h1:ZDRjVQ15GmhC3fiQ8ni8+OwkZQO4DARzQgrnXU1Liz8=
github.com/davecgh/go-spew v1.1.0/go.mod h1:J7Y8YcW2NihsgmVo/mv3lAwl/skON4iLHjSsI+c5H38=
github.com/dgryski/go-metro v0.0.0-20180109044635-280f6062b5bc h1:8WFBn63wegobsYAX0YjD+8suexZDga5CctH4CCTx2+8=
github.com/dgryski/go-metro v0.0.0-20180109044635-280f6062b5bc/go.mod h1:c9O8+fpSOX1DM8cPNSkX/qsBWdkD4yd2dpciOWQjpBw=
github.com/dgryski/go-mph v0.0.0-20200103225422-f175b8b789f6 h1:hWs0HRI7j6mrf23mojwl4MoVCr41FRb/oQg1/S+rYdM=
github.com/dgryski/go-mph v0.0.0-20200103225422-f175b8b789f6/go.mod h1:sm2LH0eB9hET2mL0iPfQPPhbBBZgIdeJ6vA/6PfjIaQ=
github.com/pmezard/go-difflib v1.0.0 h1:4DBwDE0NGyQoBHbLQYPwSUPoCMWR5BEzIk/f1lZbAQM=
github.com/pmezard/go-difflib v1.0.0/go.mod h1:iKH77koFhYxTK1pcRnkKkqfTogsbg7gZNVY4sRDYZ/4=
github.com/rmzg/go-mph v0.0.0-20200215071517-6ee00953891c h1:eD1LxR2yGiSK1yl5IufUhQ2bYnAz+N5gUGsZH+/LYMs=
github.com/rmzg/go-mph v0.0.0-20200215071517-6ee00953891c/go.mod h1:yczH93InbGMNPlOrcvN2yoq8ZcArebDX53OJhpzpB7U=
github.com/stretchr/objx v0.1.0/go.mod h1:HFkY916IF+rwdDfMAkV7OtwuqBVzrE8GR6GFx+wExME=
github.com/stretchr/testify v1.4.0 h1:2E4SXV/wtOkTonXsotYi4li6zVWxYlZuYNCXe9XRJyk=
github.com/stretchr/testify v1.4.0/go.mod h1:j7eGeouHqKxXV5pUuKE4zz7dFj8WfuZ+81PSLYec5m4=
golang.org/x/text v0.3.2 h1:tW2bmiBqwgJj/UpqtC8EpXEZVYOwU0yG4iWbprSVAcs=
golang.org/x/text v0.3.2/go.mod h1:bEr9sfX3Q8Zfm5fL9x+3itogRgK3+ptLWKqgva+5dAk=
golang.org/x/tools v0.0.0-20180917221912-90fa682c2a6e/go.mod h1:n7NCudcB/nEzxVGmLbDWY5pfWTLqBcC2KZ6jyYvM4mQ=
gopkg.in/check.v1 v0.0.0-20161208181325-20d25e280405/go.mod h1:Co6ibVJAznAaIkqp8huTwlJQCZ016jof/cbN4VW5Yz0=
gopkg.in/yaml.v2 v2.2.2 h1:ZCJp+EgiOT7lHqUV2J862kp8Qj64Jo6az82+3Td9dZw=
gopkg.in/yaml.v2 v2.2.2/go.mod h1:hI93XBmqTisBFMUTm0b8Fm+jr3Dg1NNxqwp+5A1VGuI=
